
Microsoft Visual Studio Solution File, Format Version 12.00
# Visual Studio 14
VisualStudioVersion = 14.0.25123.0
MinimumVisualStudioVersion = 10.0.40219.1
Project("{8BC9CEB8-8B4A-11D0-8D11-00A0C91BC942}") = "HelloWorld", "HelloWorld\HelloWorld.vcxproj", "{EEA0801A-F199-4DE3-AB50-ECB4198C3392}"
EndProject
Project("{8BC9CEB8-8B4A-11D0-8D11-00A0C91BC942}") = "Variables", "Variables\Variables.vcxproj", "{EEF2BAAE-838A-49B5-B5F4-0062D721E6A9}"
EndProject
Project("{8BC9CEB8-8B4A-11D0-8D11-00A0C91BC942}") = "Variable Exercise", "Variable Exercise\Variable Exercise.vcxproj", "{36E3AA80-C2EC-49B0-ADD2-8E1BB4B119DD}"
EndProject
Project("{8BC9CEB8-8B4A-11D0-8D11-00A0C91BC942}") = "Conditionals", "Conditionals\Conditionals.vcxproj", "{4E7C72EA-ABB7-4094-9D27-6120875F79A2}"
EndProject
Global
	GlobalSection(SolutionConfigurationPlatforms) = preSolution
		Debug|x64 = Debug|x64
		Debug|x86 = Debug|x86
		Release|x64 = Release|x64
		Release|x86 = Release|x86
	EndGlobalSection
	GlobalSection(ProjectConfigurationPlatforms) = postSolution
		{EEA0801A-F199-4DE3-AB50-ECB4198C3392}.Debug|x64.ActiveCfg = Debug|x64
		{EEA0801A-F199-4DE3-AB50-ECB4198C3392}.Debug|x64.Build.0 = Debug|x64
		{EEA0801A-F199-4DE3-AB50-ECB4198C3392}.Debug|x86.ActiveCfg = Debug|Win32
		{EEA0801A-F199-4DE3-AB50-ECB4198C3392}.Debug|x86.Build.0 = Debug|Win32
		{EEA0801A-F199-4DE3-AB50-ECB4198C3392}.Release|x64.ActiveCfg = Release|x64
		{EEA0801A-F199-4DE3-AB50-ECB4198C3392}.Release|x64.Build.0 = Release|x64
		{EEA0801A-F199-4DE3-AB50-ECB4198C3392}.Release|x86.ActiveCfg = Release|Win32
		{EEA0801A-F199-4DE3-AB50-ECB4198C3392}.Release|x86.Build.0 = Release|Win32
		{EEF2BAAE-838A-49B5-B5F4-0062D721E6A9}.Debug|x64.ActiveCfg = Debug|x64
		{EEF2BAAE-838A-49B5-B5F4-0062D721E6A9}.Debug|x64.Build.0 = Debug|x64
		{EEF2BAAE-838A-49B5-B5F4-0062D721E6A9}.Debug|x86.ActiveCfg = Debug|Win32
		{EEF2BAAE-838A-49B5-B5F4-0062D721E6A9}.Debug|x86.Build.0 = Debug|Win32
		{EEF2BAAE-838A-49B5-B5F4-0062D721E6A9}.Release|x64.ActiveCfg = Release|x64
		{EEF2BAAE-838A-49B5-B5F4-0062D721E6A9}.Release|x64.Build.0 = Release|x64
		{EEF2BAAE-838A-49B5-B5F4-0062D721E6A9}.Release|x86.ActiveCfg = Release|Win32
		{EEF2BAAE-838A-49B5-B5F4-0062D721E6A9}.Release|x86.Build.0 = Release|Win32
		{36E3AA80-C2EC-49B0-ADD2-8E1BB4B119DD}.Debug|x64.ActiveCfg = Debug|x64
		{36E3AA80-C2EC-49B0-ADD2-8E1BB4B119DD}.Debug|x64.Build.0 = Debug|x64
		{36E3AA80-C2EC-49B0-ADD2-8E1BB4B119DD}.Debug|x86.ActiveCfg = Debug|Win32
		{36E3AA80-C2EC-49B0-ADD2-8E1BB4B119DD}.Debug|x86.Build.0 = Debug|Win32
		{36E3AA80-C2EC-49B0-ADD2-8E1BB4B119DD}.Release|x64.ActiveCfg = Release|x64
		{36E3AA80-C2EC-49B0-ADD2-8E1BB4B119DD}.Release|x64.Build.0 = Release|x64
		{36E3AA80-C2EC-49B0-ADD2-8E1BB4B119DD}.Release|x86.ActiveCfg = Release|Win32
		{36E3AA80-C2EC-49B0-ADD2-8E1BB4B119DD}.Release|x86.Build.0 = Release|Win32
		{4E7C72EA-ABB7-4094-9D27-6120875F79A2}.Debug|x64.ActiveCfg = Debug|x64
		{4E7C72EA-ABB7-4094-9D27-6120875F79A2}.Debug|x64.Build.0 = Debug|x64
		{4E7C72EA-ABB7-4094-9D27-6120875F79A2}.Debug|x86.ActiveCfg = Debug|Win32
		{4E7C72EA-ABB7-4094-9D27-6120875F79A2}.Debug|x86.Build.0 = Debug|Win32
		{4E7C72EA-ABB7-4094-9D27-6120875F79A2}.Release|x64.ActiveCfg = Release|x64
		{4E7C72EA-ABB7-4094-9D27-6120875F79A2}.Release|x64.Build.0 = Release|x64
		{4E7C72EA-ABB7-4094-9D27-6120875F79A2}.Release|x86.ActiveCfg = Release|Win32
		{4E7C72EA-ABB7-4094-9D27-6120875F79A2}.Release|x86.Build.0 = Release|Win32
	EndGlobalSection
	GlobalSection(SolutionProperties) = preSolution
		HideSolutionNode = FALSE
	EndGlobalSection
EndGlobal
